
Microsoft Visual Studio Solution File, Format Version 12.00
# Visual Studio Version 17
VisualStudioVersion = 17.14.36401.2
MinimumVisualStudioVersion = 10.0.40219.1
Project("{FAE04EC0-301F-11D3-BF4B-00C04F79EFBC}") = "A.Instant Serve", "JOB PORTALl API\A.Instant Serve.csproj", "{A2A7203E-1ED6-44BC-806A-E7A3F2E82B40}"
EndProject
Project("{FAE04EC0-301F-11D3-BF4B-00C04F79EFBC}") = "Booking.Core", "Job.Core\Booking.Core.csproj", "{3B785E35-490A-4910-A75C-9E75B758AF72}"
EndProject
Project("{FAE04EC0-301F-11D3-BF4B-00C04F79EFBC}") = "Booking.Repository", "JOB.Repository\Booking.Repository.csproj", "{541D3945-5E7B-4A10-90BA-5A586CC05E1A}"
EndProject
Project("{FAE04EC0-301F-11D3-BF4B-00C04F79EFBC}") = "Booking.Services", "JOB.Services\Booking.Services.csproj", "{3904855D-6441-4F51-947F-B7E33B632345}"
EndProject
Global
	GlobalSection(SolutionConfigurationPlatforms) = preSolution
		Debug|Any CPU = Debug|Any CPU
		Release|Any CPU = Release|Any CPU
	EndGlobalSection
	GlobalSection(ProjectConfigurationPlatforms) = postSolution
		{A2A7203E-1ED6-44BC-806A-E7A3F2E82B40}.Debug|Any CPU.ActiveCfg = Debug|Any CPU
		{A2A7203E-1ED6-44BC-806A-E7A3F2E82B40}.Debug|Any CPU.Build.0 = Debug|Any CPU
		{A2A7203E-1ED6-44BC-806A-E7A3F2E82B40}.Release|Any CPU.ActiveCfg = Release|Any CPU
		{A2A7203E-1ED6-44BC-806A-E7A3F2E82B40}.Release|Any CPU.Build.0 = Release|Any CPU
		{3B785E35-490A-4910-A75C-9E75B758AF72}.Debug|Any CPU.ActiveCfg = Debug|Any CPU
		{3B785E35-490A-4910-A75C-9E75B758AF72}.Debug|Any CPU.Build.0 = Debug|Any CPU
		{3B785E35-490A-4910-A75C-9E75B758AF72}.Release|Any CPU.ActiveCfg = Release|Any CPU
		{3B785E35-490A-4910-A75C-9E75B758AF72}.Release|Any CPU.Build.0 = Release|Any CPU
		{541D3945-5E7B-4A10-90BA-5A586CC05E1A}.Debug|Any CPU.ActiveCfg = Debug|Any CPU
		{541D3945-5E7B-4A10-90BA-5A586CC05E1A}.Debug|Any CPU.Build.0 = Debug|Any CPU
		{541D3945-5E7B-4A10-90BA-5A586CC05E1A}.Release|Any CPU.ActiveCfg = Release|Any CPU
		{541D3945-5E7B-4A10-90BA-5A586CC05E1A}.Release|Any CPU.Build.0 = Release|Any CPU
		{3904855D-6441-4F51-947F-B7E33B632345}.Debug|Any CPU.ActiveCfg = Debug|Any CPU
		{3904855D-6441-4F51-947F-B7E33B632345}.Debug|Any CPU.Build.0 = Debug|Any CPU
		{3904855D-6441-4F51-947F-B7E33B632345}.Release|Any CPU.ActiveCfg = Release|Any CPU
		{3904855D-6441-4F51-947F-B7E33B632345}.Release|Any CPU.Build.0 = Release|Any CPU
	EndGlobalSection
	GlobalSection(SolutionProperties) = preSolution
		HideSolutionNode = FALSE
	EndGlobalSection
	GlobalSection(ExtensibilityGlobals) = postSolution
		SolutionGuid = {7F175FA4-E564-4230-9D1E-768A7AAB62A0}
	EndGlobalSection
EndGlobal
